
Microsoft Visual Studio Solution File, Format Version 11.00
# Visual Studio Version 17

Project("{8BC9CEB8-8B4A-11D0-8D11-00A0C91BC942}") = "BasicAudioPluginTutorial - Standalone Plugin", "BasicAudioPluginTutorial_StandalonePlugin.vcxproj", "{B0747908-D801-A76A-7CB0-3C58C8860D3F}"
	ProjectSection(ProjectDependencies) = postProject
		{E923F2A9-7900-A872-3A5A-988014A562C6} = {E923F2A9-7900-A872-3A5A-988014A562C6}
	EndProjectSection
EndProject
Project("{8BC9CEB8-8B4A-11D0-8D11-00A0C91BC942}") = "BasicAudioPluginTutorial - VST3", "BasicAudioPluginTutorial_VST3.vcxproj", "{E40A7A31-EBEC-4347-5339-8692AF97CC86}"
	ProjectSection(ProjectDependencies) = postProject
		{E923F2A9-7900-A872-3A5A-988014A562C6} = {E923F2A9-7900-A872-3A5A-988014A562C6}
		{F3FF3BEE-F207-31C3-FEDA-A1FDD1E0B14E} = {F3FF3BEE-F207-31C3-FEDA-A1FDD1E0B14E}
	EndProjectSection
EndProject
Project("{8BC9CEB8-8B4A-11D0-8D11-00A0C91BC942}") = "BasicAudioPluginTutorial - Shared Code", "BasicAudioPluginTutorial_SharedCode.vcxproj", "{E923F2A9-7900-A872-3A5A-988014A562C6}"
EndProject
Project("{8BC9CEB8-8B4A-11D0-8D11-00A0C91BC942}") = "BasicAudioPluginTutorial - VST3 Manifest Helper", "BasicAudioPluginTutorial_VST3ManifestHelper.vcxproj", "{F3FF3BEE-F207-31C3-FEDA-A1FDD1E0B14E}"
EndProject
Global
	GlobalSection(SolutionConfigurationPlatforms) = preSolution
		Debug|x64 = Debug|x64
		Release|x64 = Release|x64
	EndGlobalSection
	GlobalSection(ProjectConfigurationPlatforms) = postSolution
		{E40A7A31-EBEC-4347-5339-8692AF97CC86}.Debug|x64.ActiveCfg = Debug|x64
		{E40A7A31-EBEC-4347-5339-8692AF97CC86}.Debug|x64.Build.0 = Debug|x64
		{E40A7A31-EBEC-4347-5339-8692AF97CC86}.Release|x64.ActiveCfg = Release|x64
		{E40A7A31-EBEC-4347-5339-8692AF97CC86}.Release|x64.Build.0 = Release|x64
		{B0747908-D801-A76A-7CB0-3C58C8860D3F}.Debug|x64.ActiveCfg = Debug|x64
		{B0747908-D801-A76A-7CB0-3C58C8860D3F}.Debug|x64.Build.0 = Debug|x64
		{B0747908-D801-A76A-7CB0-3C58C8860D3F}.Release|x64.ActiveCfg = Release|x64
		{B0747908-D801-A76A-7CB0-3C58C8860D3F}.Release|x64.Build.0 = Release|x64
		{E923F2A9-7900-A872-3A5A-988014A562C6}.Debug|x64.ActiveCfg = Debug|x64
		{E923F2A9-7900-A872-3A5A-988014A562C6}.Debug|x64.Build.0 = Debug|x64
		{E923F2A9-7900-A872-3A5A-988014A562C6}.Release|x64.ActiveCfg = Release|x64
		{E923F2A9-7900-A872-3A5A-988014A562C6}.Release|x64.Build.0 = Release|x64
		{F3FF3BEE-F207-31C3-FEDA-A1FDD1E0B14E}.Debug|x64.ActiveCfg = Debug|x64
		{F3FF3BEE-F207-31C3-FEDA-A1FDD1E0B14E}.Debug|x64.Build.0 = Debug|x64
		{F3FF3BEE-F207-31C3-FEDA-A1FDD1E0B14E}.Release|x64.ActiveCfg = Release|x64
		{F3FF3BEE-F207-31C3-FEDA-A1FDD1E0B14E}.Release|x64.Build.0 = Release|x64
	EndGlobalSection
	GlobalSection(SolutionProperties) = preSolution
		HideSolutionNode = FALSE
	EndGlobalSection
EndGlobal
